
Microsoft Visual Studio Solution File, Format Version 12.00
# Visual Studio 15
VisualStudioVersion = 15.0.27703.2035
MinimumVisualStudioVersion = 10.0.40219.1
Project("{9A19103F-16F7-4668-BE54-9A1E7A4F7556}") = "SagaExcutorOrchestrator", "SagaExcutorOrchestrator\SagaExcutorOrchestrator.csproj", "{4922ACAE-A3E3-4E83-9DC4-191E16509324}"
EndProject
Project("{9A19103F-16F7-4668-BE54-9A1E7A4F7556}") = "SagaWorker", "SagaState\SagaWorker.csproj", "{45353210-9C61-49A3-8B7B-6223CBB1DCEA}"
EndProject
Project("{9A19103F-16F7-4668-BE54-9A1E7A4F7556}") = "SagaLog", "SagaLog\SagaLog.csproj", "{1E2BEA7E-35DF-43D0-96A9-D9B8818597EF}"
EndProject
Project("{2150E333-8FDC-42A3-9474-1A3956D46DE8}") = "tests", "tests", "{CDC35E66-CA9B-45B6-9F5B-5DF83E14066F}"
EndProject
Project("{9A19103F-16F7-4668-BE54-9A1E7A4F7556}") = "SagaStateTest", "tests\SagaStateTest\SagaStateTest.csproj", "{1D172EE2-192B-4B07-B1B2-FDC04551B83F}"
EndProject
Project("{9A19103F-16F7-4668-BE54-9A1E7A4F7556}") = "Service1", "tests\Service1\Service1.csproj", "{92E05E2B-9B14-4961-A307-D02B89B5F975}"
EndProject
Project("{9A19103F-16F7-4668-BE54-9A1E7A4F7556}") = "Service2", "tests\Service2\Service2.csproj", "{44D12D93-2D94-4AE1-A70D-0A70D48EA6E7}"
EndProject
Global
	GlobalSection(SolutionConfigurationPlatforms) = preSolution
		Debug|Any CPU = Debug|Any CPU
		Release|Any CPU = Release|Any CPU
	EndGlobalSection
	GlobalSection(ProjectConfigurationPlatforms) = postSolution
		{4922ACAE-A3E3-4E83-9DC4-191E16509324}.Debug|Any CPU.ActiveCfg = Debug|Any CPU
		{4922ACAE-A3E3-4E83-9DC4-191E16509324}.Debug|Any CPU.Build.0 = Debug|Any CPU
		{4922ACAE-A3E3-4E83-9DC4-191E16509324}.Release|Any CPU.ActiveCfg = Release|Any CPU
		{4922ACAE-A3E3-4E83-9DC4-191E16509324}.Release|Any CPU.Build.0 = Release|Any CPU
		{45353210-9C61-49A3-8B7B-6223CBB1DCEA}.Debug|Any CPU.ActiveCfg = Debug|Any CPU
		{45353210-9C61-49A3-8B7B-6223CBB1DCEA}.Debug|Any CPU.Build.0 = Debug|Any CPU
		{45353210-9C61-49A3-8B7B-6223CBB1DCEA}.Release|Any CPU.ActiveCfg = Release|Any CPU
		{45353210-9C61-49A3-8B7B-6223CBB1DCEA}.Release|Any CPU.Build.0 = Release|Any CPU
		{1E2BEA7E-35DF-43D0-96A9-D9B8818597EF}.Debug|Any CPU.ActiveCfg = Debug|Any CPU
		{1E2BEA7E-35DF-43D0-96A9-D9B8818597EF}.Debug|Any CPU.Build.0 = Debug|Any CPU
		{1E2BEA7E-35DF-43D0-96A9-D9B8818597EF}.Release|Any CPU.ActiveCfg = Release|Any CPU
		{1E2BEA7E-35DF-43D0-96A9-D9B8818597EF}.Release|Any CPU.Build.0 = Release|Any CPU
		{1D172EE2-192B-4B07-B1B2-FDC04551B83F}.Debug|Any CPU.ActiveCfg = Debug|Any CPU
		{1D172EE2-192B-4B07-B1B2-FDC04551B83F}.Debug|Any CPU.Build.0 = Debug|Any CPU
		{1D172EE2-192B-4B07-B1B2-FDC04551B83F}.Release|Any CPU.ActiveCfg = Release|Any CPU
		{1D172EE2-192B-4B07-B1B2-FDC04551B83F}.Release|Any CPU.Build.0 = Release|Any CPU
		{92E05E2B-9B14-4961-A307-D02B89B5F975}.Debug|Any CPU.ActiveCfg = Debug|Any CPU
		{92E05E2B-9B14-4961-A307-D02B89B5F975}.Debug|Any CPU.Build.0 = Debug|Any CPU
		{92E05E2B-9B14-4961-A307-D02B89B5F975}.Release|Any CPU.ActiveCfg = Release|Any CPU
		{92E05E2B-9B14-4961-A307-D02B89B5F975}.Release|Any CPU.Build.0 = Release|Any CPU
		{44D12D93-2D94-4AE1-A70D-0A70D48EA6E7}.Debug|Any CPU.ActiveCfg = Debug|Any CPU
		{44D12D93-2D94-4AE1-A70D-0A70D48EA6E7}.Debug|Any CPU.Build.0 = Debug|Any CPU
		{44D12D93-2D94-4AE1-A70D-0A70D48EA6E7}.Release|Any CPU.ActiveCfg = Release|Any CPU
		{44D12D93-2D94-4AE1-A70D-0A70D48EA6E7}.Release|Any CPU.Build.0 = Release|Any CPU
	EndGlobalSection
	GlobalSection(SolutionProperties) = preSolution
		HideSolutionNode = FALSE
	EndGlobalSection
	GlobalSection(NestedProjects) = preSolution
		{1D172EE2-192B-4B07-B1B2-FDC04551B83F} = {CDC35E66-CA9B-45B6-9F5B-5DF83E14066F}
		{92E05E2B-9B14-4961-A307-D02B89B5F975} = {CDC35E66-CA9B-45B6-9F5B-5DF83E14066F}
		{44D12D93-2D94-4AE1-A70D-0A70D48EA6E7} = {CDC35E66-CA9B-45B6-9F5B-5DF83E14066F}
	EndGlobalSection
	GlobalSection(ExtensibilityGlobals) = postSolution
		SolutionGuid = {32ED7EFA-BC41-478F-938B-9AED059ADE54}
	EndGlobalSection
EndGlobal
